{
  "name": "halil_tomat",
  "lockfileVersion": 3,
  "requires": true,
  "packages": {
    "": {
      "dependencies": {
        "@splidejs/splide": "^4.1.4",
        "@vanillawc/wc-marquee": "^1.0.31"
      }
    },
    "node_modules/@splidejs/splide": {
      "version": "4.1.4",
      "resolved": "https://registry.npmjs.org/@splidejs/splide/-/splide-4.1.4.tgz",
      "integrity": "sha512-5I30evTJcAJQXt6vJ26g2xEkG+l1nXcpEw4xpKh0/FWQ8ozmAeTbtniVtVmz2sH1Es3vgfC4SS8B2X4o5JMptA=="
    },
    "node_modules/@vanillawc/wc-marquee": {
      "version": "1.0.31",
      "resolved": "https://registry.npmjs.org/@vanillawc/wc-marquee/-/wc-marquee-1.0.31.tgz",
      "integrity": "sha512-lbUIAUNN3S8/EHeCpJA90ZuHL0mufXZRqOFzert+uKfRiOmriZW4ZCd5Ghc7shg+pjXd2ic/3DDIIw6bl95iIw=="
    }
  }
}
